// !$*UTF8*$!
{
	archiveVersion = 1;
	classes = {
	};
	objectVersion = 46;
	objects = {

/* Begin PBXBuildFile section */
		553AC18C2CEEBF30136F4018 /* Pods_Tweet.framework in Frameworks */ = {isa = PBXBuildFile; fileRef = CE2C5822992C34583D746ACD /* Pods_Tweet.framework */; };
		5F3FBAC01C716A9C00D0A139 /* AppDelegate.swift in Sources */ = {isa = PBXBuildFile; fileRef = 5F3FBABF1C716A9C00D0A139 /* AppDelegate.swift */; };
		5F3FBAC21C716A9C00D0A139 /* ViewController.swift in Sources */ = {isa = PBXBuildFile; fileRef = 5F3FBAC11C716A9C00D0A139 /* ViewController.swift */; };
		5F3FBAC51C716A9C00D0A139 /* Main.storyboard in Resources */ = {isa = PBXBuildFile; fileRef = 5F3FBAC31C716A9C00D0A139 /* Main.storyboard */; };
		5F3FBAC71C716A9C00D0A139 /* Assets.xcassets in Resources */ = {isa = PBXBuildFile; fileRef = 5F3FBAC61C716A9C00D0A139 /* Assets.xcassets */; };
		5F3FBACA1C716A9C00D0A139 /* LaunchScreen.storyboard in Resources */ = {isa = PBXBuildFile; fileRef = 5F3FBAC81C716A9C00D0A139 /* LaunchScreen.storyboard */; };
		5F3FBAD31C716E1500D0A139 /* TwitterClient.swift in Sources */ = {isa = PBXBuildFile; fileRef = 5F3FBAD21C716E1500D0A139 /* TwitterClient.swift */; };
/* End PBXBuildFile section */

/* Begin PBXFileReference section */
		5F3FBABC1C716A9C00D0A139 /* Tweet.app */ = {isa = PBXFileReference; explicitFileType = wrapper.application; includeInIndex = 0; path = Tweet.app; sourceTree = BUILT_PRODUCTS_DIR; };
		5F3FBABF1C716A9C00D0A139 /* AppDelegate.swift */ = {isa = PBXFileReference; lastKnownFileType = sourcecode.swift; path = AppDelegate.swift; sourceTree = "<group>"; };
		5F3FBAC11C716A9C00D0A139 /* ViewController.swift */ = {isa = PBXFileReference; lastKnownFileType = sourcecode.swift; path = ViewController.swift; sourceTree = "<group>"; };
		5F3FBAC41C716A9C00D0A139 /* Base */ = {isa = PBXFileReference; lastKnownFileType = file.storyboard; name = Base; path = Base.lproj/Main.storyboard; sourceTree = "<group>"; };
		5F3FBAC61C716A9C00D0A139 /* Assets.xcassets */ = {isa = PBXFileReference; lastKnownFileType = folder.assetcatalog; path = Assets.xcassets; sourceTree = "<group>"; };
		5F3FBAC91C716A9C00D0A139 /* Base */ = {isa = PBXFileReference; lastKnownFileType = file.storyboard; name = Base; path = Base.lproj/LaunchScreen.storyboard; sourceTree = "<group>"; };
		5F3FBACB1C716A9C00D0A139 /* Info.plist */ = {isa = PBXFileReference; lastKnownFileType = text.plist.xml; path = Info.plist; sourceTree = "<group>"; };
		5F3FBAD21C716E1500D0A139 /* TwitterClient.swift */ = {isa = PBXFileReference; fileEncoding = 4; lastKnownFileType = sourcecode.swift; path = TwitterClient.swift; sourceTree = "<group>"; };
		73E352DEBF1DECA1C049B42D /* Pods-Tweet.debug.xcconfig */ = {isa = PBXFileReference; includeInIndex = 1; lastKnownFileType = text.xcconfig; name = "Pods-Tweet.debug.xcconfig"; path = "Pods/Target Support Files/Pods-Tweet/Pods-Tweet.debug.xcconfig"; sourceTree = "<group>"; };
		B0D2A67C1242A200AF253003 /* Pods-Tweet.release.xcconfig */ = {isa = PBXFileReference; includeInIndex = 1; lastKnownFileType = text.xcconfig; name = "Pods-Tweet.release.xcconfig"; path = "Pods/Target Support Files/Pods-Tweet/Pods-Tweet.release.xcconfig"; sourceTree = "<group>"; };
		CE2C5822992C34583D746ACD /* Pods_Tweet.framework */ = {isa = PBXFileReference; explicitFileType = wrapper.framework; includeInIndex = 0; path = Pods_Tweet.framework; sourceTree = BUILT_PRODUCTS_DIR; };
/* End PBXFileReference section */

/* Begin PBXFrameworksBuildPhase section */
		5F3FBAB91C716A9B00D0A139 /* Frameworks */ = {
			isa = PBXFrameworksBuildPhase;
			buildActionMask = 2147483647;
			files = (
				553AC18C2CEEBF30136F4018 /* Pods_Tweet.framework in Frameworks */,
			);
			runOnlyForDeploymentPostprocessing = 0;
		};
/* End PBXFrameworksBuildPhase section */

/* Begin PBXGroup section */
		4ABDBBC932BF0EDEE2C57E6B /* Pods */ = {
			isa = PBXGroup;
			children = (
				73E352DEBF1DECA1C049B42D /* Pods-Tweet.debug.xcconfig */,
				B0D2A67C1242A200AF253003 /* Pods-Tweet.release.xcconfig */,
			);
			name = Pods;
			sourceTree = "<group>";
		};
		5D4F821BB6E2D75116F48A2C /* Frameworks */ = {
			isa = PBXGroup;
			children = (
				CE2C5822992C34583D746ACD /* Pods_Tweet.framework */,
			);
			name = Frameworks;
			sourceTree = "<group>";
		};
		5F3FBAB31C716A9B00D0A139 = {
			isa = PBXGroup;
			children = (
				5F3FBAD11C716DB900D0A139 /* API */,
				5F3FBABE1C716A9C00D0A139 /* Tweet */,
				5F3FBABD1C716A9C00D0A139 /* Products */,
				4ABDBBC932BF0EDEE2C57E6B /* Pods */,
				5D4F821BB6E2D75116F48A2C /* Frameworks */,
			);
			sourceTree = "<group>";
		};
		5F3FBABD1C716A9C00D0A139 /* Products */ = {
			isa = PBXGroup;
			children = (
				5F3FBABC1C716A9C00D0A139 /* Tweet.app */,
			);
			name = Products;
			sourceTree = "<group>";
		};
		5F3FBABE1C716A9C00D0A139 /* Tweet */ = {
			isa = PBXGroup;
			children = (
				5F3FBABF1C716A9C00D0A139 /* AppDelegate.swift */,
				5F3FBAC11C716A9C00D0A139 /* ViewController.swift */,
				5F3FBAC31C716A9C00D0A139 /* Main.storyboard */,
				5F3FBAC61C716A9C00D0A139 /* Assets.xcassets */,
				5F3FBAC81C716A9C00D0A139 /* LaunchScreen.storyboard */,
				5F3FBACB1C716A9C00D0A139 /* Info.plist */,
			);
			path = Tweet;
			sourceTree = "<group>";
		};
		5F3FBAD11C716DB900D0A139 /* API */ = {
			isa = PBXGroup;
			children = (
				5F3FBAD21C716E1500D0A139 /* TwitterClient.swift */,
			);
			name = API;
			sourceTree = "<group>";
		};
/* End PBXGroup section */

/* Begin PBXNativeTarget section */
		5F3FBABB1C716A9B00D0A139 /* Tweet */ = {
			isa = PBXNativeTarget;
			buildConfigurationList = 5F3FBACE1C716A9C00D0A139 /* Build configuration list for PBXNativeTarget "Tweet" */;
			buildPhases = (
				3F6D2F499B432706722DF47F /* Check Pods Manifest.lock */,
				5F3FBAB81C716A9B00D0A139 /* Sources */,
				5F3FBAB91C716A9B00D0A139 /* Frameworks */,
				5F3FBABA1C716A9B00D0A139 /* Resources */,
				5784AD98C6F5A06D65958E5A /* Embed Pods Frameworks */,
				13653CBF0C9FD2A5A5831FAE /* Copy Pods Resources */,
			);
			buildRules = (
			);
			dependencies = (
			);
			name = Tweet;
			productName = Tweet;
			productReference = 5F3FBABC1C716A9C00D0A139 /* Tweet.app */;
			productType = "com.apple.product-type.application";
		};
/* End PBXNativeTarget section */

/* Begin PBXProject section */
		5F3FBAB41C716A9B00D0A139 /* Project object */ = {
			isa = PBXProject;
			attributes = {
				LastSwiftUpdateCheck = 0720;
				LastUpgradeCheck = 0720;
				ORGANIZATIONNAME = "Esteban Solis";
				TargetAttributes = {
					5F3FBABB1C716A9B00D0A139 = {
						CreatedOnToolsVersion = 7.2.1;
						DevelopmentTeam = 2Y5276U3HZ;
					};
				};
			};
			buildConfigurationList = 5F3FBAB71C716A9B00D0A139 /* Build configuration list for PBXProject "Tweet" */;
			compatibilityVersion = "Xcode 3.2";
			developmentRegion = English;
			hasScannedForEncodings = 0;
			knownRegions = (
				en,
				Base,
			);
			mainGroup = 5F3FBAB31C716A9B00D0A139;
			productRefGroup = 5F3FBABD1C716A9C00D0A139 /* Products */;
			projectDirPath = "";
			projectRoot = "";
			targets = (
				5F3FBABB1C716A9B00D0A139 /* Tweet */,
			);
		};
/* End PBXProject section */

/* Begin PBXResourcesBuildPhase section */
		5F3FBABA1C716A9B00D0A139 /* Resources */ = {
			isa = PBXResourcesBuildPhase;
			buildActionMask = 2147483647;
			files = (
				5F3FBACA1C716A9C00D0A139 /* LaunchScreen.storyboard in Resources */,
				5F3FBAC71C716A9C00D0A139 /* Assets.xcassets in Resources */,
				5F3FBAC51C716A9C00D0A139 /* Main.storyboard in Resources */,
			);
			runOnlyForDeploymentPostprocessing = 0;
		};
/* End PBXResourcesBuildPhase section */

/* Begin PBXShellScriptBuildPhase section */
		13653CBF0C9FD2A5A5831FAE /* Copy Pods Resources */ = {
			isa = PBXShellScriptBuildPhase;
			buildActionMask = 2147483647;
			files = (
			);
			inputPaths = (
			);
			name = "Copy Pods Resources";
			outputPaths = (
			);
			runOnlyForDeploymentPostprocessing = 0;
			shellPath = /bin/sh;
			shellScript = "\"${SRCROOT}/Pods/Target Support Files/Pods-Tweet/Pods-Tweet-resources.sh\"\n";
			showEnvVarsInLog = 0;
		};
		3F6D2F499B432706722DF47F /* Check Pods Manifest.lock */ = {
			isa = PBXShellScriptBuildPhase;
			buildActionMask = 2147483647;
			files = (
			);
			inputPaths = (
			);
			name = "Check Pods Manifest.lock";
			outputPaths = (
			);
			runOnlyForDeploymentPostprocessing = 0;
			shellPath = /bin/sh;
			shellScript = "diff \"${PODS_ROOT}/../Podfile.lock\" \"${PODS_ROOT}/Manifest.lock\" > /dev/null\nif [[ $? != 0 ]] ; then\n    cat << EOM\nerror: The sandbox is not in sync with the Podfile.lock. Run 'pod install' or update your CocoaPods installation.\nEOM\n    exit 1\nfi\n";
			showEnvVarsInLog = 0;
		};
		5784AD98C6F5A06D65958E5A /* Embed Pods Frameworks */ = {
			isa = PBXShellScriptBuildPhase;
			buildActionMask = 2147483647;
			files = (
			);
			inputPaths = (
			);
			name = "Embed Pods Frameworks";
			outputPaths = (
			);
			runOnlyForDeploymentPostprocessing = 0;
			shellPath = /bin/sh;
			shellScript = "\"${SRCROOT}/Pods/Target Support Files/Pods-Tweet/Pods-Tweet-frameworks.sh\"\n";
			showEnvVarsInLog = 0;
		};
/* End PBXShellScriptBuildPhase section */

/* Begin PBXSourcesBuildPhase section */
		5F3FBAB81C716A9B00D0A139 /* Sources */ = {
			isa = PBXSourcesBuildPhase;
			buildActionMask = 2147483647;
			files = (
				5F3FBAC21C716A9C00D0A139 /* ViewController.swift in Sources */,
				5F3FBAD31C716E1500D0A139 /* TwitterClient.swift in Sources */,
				5F3FBAC01C716A9C00D0A139 /* AppDelegate.swift in Sources */,
			);
			runOnlyForDeploymentPostprocessing = 0;
		};
/* End PBXSourcesBuildPhase section */

/* Begin PBXVariantGroup section */
		5F3FBAC31C716A9C00D0A139 /* Main.storyboard */ = {
			isa = PBXVariantGroup;
			children = (
				5F3FBAC41C716A9C00D0A139 /* Base */,
			);
			name = Main.storyboard;
			sourceTree = "<group>";
		};
		5F3FBAC81C716A9C00D0A139 /* LaunchScreen.storyboard */ = {
			isa = PBXVariantGroup;
			children = (
				5F3FBAC91C716A9C00D0A139 /* Base */,
			);
			name = LaunchScreen.storyboard;
			sourceTree = "<group>";
		};
/* End PBXVariantGroup section */

/* Begin XCBuildConfiguration section */
		5F3FBACC1C716A9C00D0A139 /* Debug */ = {
			isa = XCBuildConfiguration;
			buildSettings = {
				ALWAYS_SEARCH_USER_PATHS = NO;
				CLANG_CXX_LANGUAGE_STANDARD = "gnu++0x";
				CLANG_CXX_LIBRARY = "libc++";
				CLANG_ENABLE_MODULES = YES;
				CLANG_ENABLE_OBJC_ARC = YES;
				CLANG_WARN_BOOL_CONVERSION = YES;
				CLANG_WARN_CONSTANT_CONVERSION = YES;
				CLANG_WARN_DIRECT_OBJC_ISA_USAGE = YES_ERROR;
				CLANG_WARN_EMPTY_BODY = YES;
				CLANG_WARN_ENUM_CONVERSION = YES;
				CLANG_WARN_INT_CONVERSION = YES;
				CLANG_WARN_OBJC_ROOT_CLASS = YES_ERROR;
				CLANG_WARN_UNREACHABLE_CODE = YES;
				CLANG_WARN__DUPLICATE_METHOD_MATCH = YES;
				"CODE_SIGN_IDENTITY[sdk=iphoneos*]" = "iPhone Developer";
				COPY_PHASE_STRIP = NO;
				DEBUG_INFORMATION_FORMAT = dwarf;
				ENABLE_STRICT_OBJC_MSGSEND = YES;
				ENABLE_TESTABILITY = YES;
				GCC_C_LANGUAGE_STANDARD = gnu99;
				GCC_DYNAMIC_NO_PIC = NO;
				GCC_NO_COMMON_BLOCKS = YES;
				GCC_OPTIMIZATION_LEVEL = 0;
				GCC_PREPROCESSOR_DEFINITIONS = (
					"DEBUG=1",
					"$(inherited)",
				);
				GCC_WARN_64_TO_32_BIT_CONVERSION = YES;
				GCC_WARN_ABOUT_RETURN_TYPE = YES_ERROR;
				GCC_WARN_UNDECLARED_SELECTOR = YES;
				GCC_WARN_UNINITIALIZED_AUTOS = YES_AGGRESSIVE;
				GCC_WARN_UNUSED_FUNCTION = YES;
				GCC_WARN_UNUSED_VARIABLE = YES;
				IPHONEOS_DEPLOYMENT_TARGET = 9.2;
				MTL_ENABLE_DEBUG_INFO = YES;
				ONLY_ACTIVE_ARCH = YES;
				SDKROOT = iphoneos;
				SWIFT_OPTIMIZATION_LEVEL = "-Onone";
			};
			name = Debug;
		};
		5F3FBACD1C716A9C00D0A139 /* Release */ = {
			isa = XCBuildConfiguration;
			buildSettings = {
				ALWAYS_SEARCH_USER_PATHS = NO;
				CLANG_CXX_LANGUAGE_STANDARD = "gnu++0x";
				CLANG_CXX_LIBRARY = "libc++";
				CLANG_ENABLE_MODULES = YES;
				CLANG_ENABLE_OBJC_ARC = YES;
				CLANG_WARN_BOOL_CONVERSION = YES;
				CLANG_WARN_CONSTANT_CONVERSION = YES;
				CLANG_WARN_DIRECT_OBJC_ISA_USAGE = YES_ERROR;
				CLANG_WARN_EMPTY_BODY = YES;
				CLANG_WARN_ENUM_CONVERSION = YES;
				CLANG_WARN_INT_CONVERSION = YES;
				CLANG_WARN_OBJC_ROOT_CLASS = YES_ERROR;
				CLANG_WARN_UNREACHABLE_CODE = YES;
				CLANG_WARN__DUPLICATE_METHOD_MATCH = YES;
				"CODE_SIGN_IDENTITY[sdk=iphoneos*]" = "iPhone Developer";
				COPY_PHASE_STRIP = NO;
				DEBUG_INFORMATION_FORMAT = "dwarf-with-dsym";
				ENABLE_NS_ASSERTIONS = NO;
				ENABLE_STRICT_OBJC_MSGSEND = YES;
				GCC_C_LANGUAGE_STANDARD = gnu99;
				GCC_NO_COMMON_BLOCKS = YES;
				GCC_WARN_64_TO_32_BIT_CONVERSION = YES;
				GCC_WARN_ABOUT_RETURN_TYPE = YES_ERROR;
				GCC_WARN_UNDECLARED_SELECTOR = YES;
				GCC_WARN_UNINITIALIZED_AUTOS = YES_AGGRESSIVE;
				GCC_WARN_UNUSED_FUNCTION = YES;
				GCC_WARN_UNUSED_VARIABLE = YES;
				IPHONEOS_DEPLOYMENT_TARGET = 9.2;
				MTL_ENABLE_DEBUG_INFO = NO;
				SDKROOT = iphoneos;
				VALIDATE_PRODUCT = YES;
			};
			name = Release;
		};
		5F3FBACF1C716A9C00D0A139 /* Debug */ = {
			isa = XCBuildConfiguration;
			baseConfigurationReference = 73E352DEBF1DECA1C049B42D /* Pods-Tweet.debug.xcconfig */;
			buildSettings = {
				ASSETCATALOG_COMPILER_APPICON_NAME = AppIcon;
				INFOPLIST_FILE = Tweet/Info.plist;
				LD_RUNPATH_SEARCH_PATHS = "$(inherited) @executable_path/Frameworks";
				PRODUCT_BUNDLE_IDENTIFIER = com.estebansolis.Tweet;
				PRODUCT_NAME = "$(TARGET_NAME)";
			};
			name = Debug;
		};
		5F3FBAD01C716A9C00D0A139 /* Release */ = {
			isa = XCBuildConfiguration;
			baseConfigurationReference = B0D2A67C1242A200AF253003 /* Pods-Tweet.release.xcconfig */;
			buildSettings = {
				ASSETCATALOG_COMPILER_APPICON_NAME = AppIcon;
				INFOPLIST_FILE = Tweet/Info.plist;
				LD_RUNPATH_SEARCH_PATHS = "$(inherited) @executable_path/Frameworks";
				PRODUCT_BUNDLE_IDENTIFIER = com.estebansolis.Tweet;
				PRODUCT_NAME = "$(TARGET_NAME)";
			};
			name = Release;
		};
/* End XCBuildConfiguration section */

/* Begin XCConfigurationList section */
		5F3FBAB71C716A9B00D0A139 /* Build configuration list for PBXProject "Tweet" */ = {
			isa = XCConfigurationList;
			buildConfigurations = (
				5F3FBACC1C716A9C00D0A139 /* Debug */,
				5F3FBACD1C716A9C00D0A139 /* Release */,
			);
			defaultConfigurationIsVisible = 0;
			defaultConfigurationName = Release;
		};
		5F3FBACE1C716A9C00D0A139 /* Build configuration list for PBXNativeTarget "Tweet" */ = {
			isa = XCConfigurationList;
			buildConfigurations = (
				5F3FBACF1C716A9C00D0A139 /* Debug */,
				5F3FBAD01C716A9C00D0A139 /* Release */,
			);
			defaultConfigurationIsVisible = 0;
			defaultConfigurationName = Release;
		};
/* End XCConfigurationList section */
	};
	rootObject = 5F3FBAB41C716A9B00D0A139 /* Project object */;
}
